// !$*UTF8*$!
{
	archiveVersion = 1;
	classes = {
	};
	objectVersion = 77;
	objects = {

/* Begin PBXBuildFile section */
		865DC9262E8FB9F500B3C857 /* IOSSecuritySuite in Frameworks */ = {isa = PBXBuildFile; productRef = 865DC9252E8FB9F500B3C857 /* IOSSecuritySuite */; };
/* End PBXBuildFile section */

/* Begin PBXContainerItemProxy section */
		867C4FD12E8E5F160008AD1A /* PBXContainerItemProxy */ = {
			isa = PBXContainerItemProxy;
			containerPortal = 867C4FBB2E8E5F140008AD1A /* Project object */;
			proxyType = 1;
			remoteGlobalIDString = 867C4FC22E8E5F140008AD1A;
			remoteInfo = MoneyTransfer;
		};
		867C4FDB2E8E5F160008AD1A /* PBXContainerItemProxy */ = {
			isa = PBXContainerItemProxy;
			containerPortal = 867C4FBB2E8E5F140008AD1A /* Project object */;
			proxyType = 1;
			remoteGlobalIDString = 867C4FC22E8E5F140008AD1A;
			remoteInfo = MoneyTransfer;
		};
/* End PBXContainerItemProxy section */

/* Begin PBXFileReference section */
		867C4FC32E8E5F140008AD1A /* MoneyTransfer.app */ = {isa = PBXFileReference; explicitFileType = wrapper.application; includeInIndex = 0; path = MoneyTransfer.app; sourceTree = BUILT_PRODUCTS_DIR; };
		867C4FD02E8E5F160008AD1A /* MoneyTransferTests.xctest */ = {isa = PBXFileReference; explicitFileType = wrapper.cfbundle; includeInIndex = 0; path = MoneyTransferTests.xctest; sourceTree = BUILT_PRODUCTS_DIR; };
		867C4FDA2E8E5F160008AD1A /* MoneyTransferUITests.xctest */ = {isa = PBXFileReference; explicitFileType = wrapper.cfbundle; includeInIndex = 0; path = MoneyTransferUITests.xctest; sourceTree = BUILT_PRODUCTS_DIR; };
/* End PBXFileReference section */

/* Begin PBXFileSystemSynchronizedRootGroup section */
		867C4FC52E8E5F140008AD1A /* MoneyTransfer */ = {
			isa = PBXFileSystemSynchronizedRootGroup;
			path = MoneyTransfer;
			sourceTree = "<group>";
		};
		867C4FD32E8E5F160008AD1A /* MoneyTransferTests */ = {
			isa = PBXFileSystemSynchronizedRootGroup;
			path = MoneyTransferTests;
			sourceTree = "<group>";
		};
		867C4FDD2E8E5F160008AD1A /* MoneyTransferUITests */ = {
			isa = PBXFileSystemSynchronizedRootGroup;
			path = MoneyTransferUITests;
			sourceTree = "<group>";
		};
/* End PBXFileSystemSynchronizedRootGroup section */

/* Begin PBXFrameworksBuildPhase section */
		867C4FC02E8E5F140008AD1A /* Frameworks */ = {
			isa = PBXFrameworksBuildPhase;
			buildActionMask = 2147483647;
			files = (
				865DC9262E8FB9F500B3C857 /* IOSSecuritySuite in Frameworks */,
			);
			runOnlyForDeploymentPostprocessing = 0;
		};
		867C4FCD2E8E5F160008AD1A /* Frameworks */ = {
			isa = PBXFrameworksBuildPhase;
			buildActionMask = 2147483647;
			files = (
			);
			runOnlyForDeploymentPostprocessing = 0;
		};
		867C4FD72E8E5F160008AD1A /* Frameworks */ = {
			isa = PBXFrameworksBuildPhase;
			buildActionMask = 2147483647;
			files = (
			);
			runOnlyForDeploymentPostprocessing = 0;
		};
/* End PBXFrameworksBuildPhase section */

/* Begin PBXGroup section */
		867C4FBA2E8E5F140008AD1A = {
			isa = PBXGroup;
			children = (
				867C4FC52E8E5F140008AD1A /* MoneyTransfer */,
				867C4FD32E8E5F160008AD1A /* MoneyTransferTests */,
				867C4FDD2E8E5F160008AD1A /* MoneyTransferUITests */,
				867C4FC42E8E5F140008AD1A /* Products */,
			);
			sourceTree = "<group>";
		};
		867C4FC42E8E5F140008AD1A /* Products */ = {
			isa = PBXGroup;
			children = (
				867C4FC32E8E5F140008AD1A /* MoneyTransfer.app */,
				867C4FD02E8E5F160008AD1A /* MoneyTransferTests.xctest */,
				867C4FDA2E8E5F160008AD1A /* MoneyTransferUITests.xctest */,
			);
			name = Products;
			sourceTree = "<group>";
		};
/* End PBXGroup section */

/* Begin PBXNativeTarget section */
		867C4FC22E8E5F140008AD1A /* MoneyTransfer */ = {
			isa = PBXNativeTarget;
			buildConfigurationList = 867C4FE42E8E5F160008AD1A /* Build configuration list for PBXNativeTarget "MoneyTransfer" */;
			buildPhases = (
				867C4FBF2E8E5F140008AD1A /* Sources */,
				867C4FC02E8E5F140008AD1A /* Frameworks */,
				867C4FC12E8E5F140008AD1A /* Resources */,
			);
			buildRules = (
			);
			dependencies = (
			);
			fileSystemSynchronizedGroups = (
				867C4FC52E8E5F140008AD1A /* MoneyTransfer */,
			);
			name = MoneyTransfer;
			packageProductDependencies = (
				865DC9252E8FB9F500B3C857 /* IOSSecuritySuite */,
			);
			productName = MoneyTransfer;
			productReference = 867C4FC32E8E5F140008AD1A /* MoneyTransfer.app */;
			productType = "com.apple.product-type.application";
		};
		867C4FCF2E8E5F160008AD1A /* MoneyTransferTests */ = {
			isa = PBXNativeTarget;
			buildConfigurationList = 867C4FE72E8E5F160008AD1A /* Build configuration list for PBXNativeTarget "MoneyTransferTests" */;
			buildPhases = (
				867C4FCC2E8E5F160008AD1A /* Sources */,
				867C4FCD2E8E5F160008AD1A /* Frameworks */,
				867C4FCE2E8E5F160008AD1A /* Resources */,
			);
			buildRules = (
			);
			dependencies = (
				867C4FD22E8E5F160008AD1A /* PBXTargetDependency */,
			);
			fileSystemSynchronizedGroups = (
				867C4FD32E8E5F160008AD1A /* MoneyTransferTests */,
			);
			name = MoneyTransferTests;
			packageProductDependencies = (
			);
			productName = MoneyTransferTests;
			productReference = 867C4FD02E8E5F160008AD1A /* MoneyTransferTests.xctest */;
			productType = "com.apple.product-type.bundle.unit-test";
		};
		867C4FD92E8E5F160008AD1A /* MoneyTransferUITests */ = {
			isa = PBXNativeTarget;
			buildConfigurationList = 867C4FEA2E8E5F160008AD1A /* Build configuration list for PBXNativeTarget "MoneyTransferUITests" */;
			buildPhases = (
				867C4FD62E8E5F160008AD1A /* Sources */,
				867C4FD72E8E5F160008AD1A /* Frameworks */,
				867C4FD82E8E5F160008AD1A /* Resources */,
			);
			buildRules = (
			);
			dependencies = (
				867C4FDC2E8E5F160008AD1A /* PBXTargetDependency */,
			);
			fileSystemSynchronizedGroups = (
				867C4FDD2E8E5F160008AD1A /* MoneyTransferUITests */,
			);
			name = MoneyTransferUITests;
			packageProductDependencies = (
			);
			productName = MoneyTransferUITests;
			productReference = 867C4FDA2E8E5F160008AD1A /* MoneyTransferUITests.xctest */;
			productType = "com.apple.product-type.bundle.ui-testing";
		};
/* End PBXNativeTarget section */

/* Begin PBXProject section */
		867C4FBB2E8E5F140008AD1A /* Project object */ = {
			isa = PBXProject;
			attributes = {
				BuildIndependentTargetsInParallel = 1;
				LastSwiftUpdateCheck = 2600;
				LastUpgradeCheck = 2600;
				TargetAttributes = {
					867C4FC22E8E5F140008AD1A = {
						CreatedOnToolsVersion = 26.0.1;
					};
					867C4FCF2E8E5F160008AD1A = {
						CreatedOnToolsVersion = 26.0.1;
						TestTargetID = 867C4FC22E8E5F140008AD1A;
					};
					867C4FD92E8E5F160008AD1A = {
						CreatedOnToolsVersion = 26.0.1;
						TestTargetID = 867C4FC22E8E5F140008AD1A;
					};
				};
			};
			buildConfigurationList = 867C4FBE2E8E5F140008AD1A /* Build configuration list for PBXProject "MoneyTransfer" */;
			developmentRegion = en;
			hasScannedForEncodings = 0;
			knownRegions = (
				en,
				Base,
			);
			mainGroup = 867C4FBA2E8E5F140008AD1A;
			minimizedProjectReferenceProxies = 1;
			packageReferences = (
				865DC9242E8FB9F500B3C857 /* XCRemoteSwiftPackageReference "IOSSecuritySuite" */,
			);
			preferredProjectObjectVersion = 77;
			productRefGroup = 867C4FC42E8E5F140008AD1A /* Products */;
			projectDirPath = "";
			projectRoot = "";
			targets = (
				867C4FC22E8E5F140008AD1A /* MoneyTransfer */,
				867C4FCF2E8E5F160008AD1A /* MoneyTransferTests */,
				867C4FD92E8E5F160008AD1A /* MoneyTransferUITests */,
			);
		};
/* End PBXProject section */

/* Begin PBXResourcesBuildPhase section */
		867C4FC12E8E5F140008AD1A /* Resources */ = {
			isa = PBXResourcesBuildPhase;
			buildActionMask = 2147483647;
			files = (
			);
			runOnlyForDeploymentPostprocessing = 0;
		};
		867C4FCE2E8E5F160008AD1A /* Resources */ = {
			isa = PBXResourcesBuildPhase;
			buildActionMask = 2147483647;
			files = (
			);
			runOnlyForDeploymentPostprocessing = 0;
		};
		867C4FD82E8E5F160008AD1A /* Resources */ = {
			isa = PBXResourcesBuildPhase;
			buildActionMask = 2147483647;
			files = (
			);
			runOnlyForDeploymentPostprocessing = 0;
		};
/* End PBXResourcesBuildPhase section */

/* Begin PBXSourcesBuildPhase section */
		867C4FBF2E8E5F140008AD1A /* Sources */ = {
			isa = PBXSourcesBuildPhase;
			buildActionMask = 2147483647;
			files = (
			);
			runOnlyForDeploymentPostprocessing = 0;
		};
		867C4FCC2E8E5F160008AD1A /* Sources */ = {
			isa = PBXSourcesBuildPhase;
			buildActionMask = 2147483647;
			files = (
			);
			runOnlyForDeploymentPostprocessing = 0;
		};
		867C4FD62E8E5F160008AD1A /* Sources */ = {
			isa = PBXSourcesBuildPhase;
			buildActionMask = 2147483647;
			files = (
			);
			runOnlyForDeploymentPostprocessing = 0;
		};
/* End PBXSourcesBuildPhase section */

/* Begin PBXTargetDependency section */
		867C4FD22E8E5F160008AD1A /* PBXTargetDependency */ = {
			isa = PBXTargetDependency;
			target = 867C4FC22E8E5F140008AD1A /* MoneyTransfer */;
			targetProxy = 867C4FD12E8E5F160008AD1A /* PBXContainerItemProxy */;
		};
		867C4FDC2E8E5F160008AD1A /* PBXTargetDependency */ = {
			isa = PBXTargetDependency;
			target = 867C4FC22E8E5F140008AD1A /* MoneyTransfer */;
			targetProxy = 867C4FDB2E8E5F160008AD1A /* PBXContainerItemProxy */;
		};
/* End PBXTargetDependency section */

/* Begin XCBuildConfiguration section */
		867C4FE22E8E5F160008AD1A /* Debug */ = {
			isa = XCBuildConfiguration;
			buildSettings = {
				ALWAYS_SEARCH_USER_PATHS = NO;
				ASSETCATALOG_COMPILER_GENERATE_SWIFT_ASSET_SYMBOL_EXTENSIONS = YES;
				CLANG_ANALYZER_NONNULL = YES;
				CLANG_ANALYZER_NUMBER_OBJECT_CONVERSION = YES_AGGRESSIVE;
				CLANG_CXX_LANGUAGE_STANDARD = "gnu++20";
				CLANG_ENABLE_MODULES = YES;
				CLANG_ENABLE_OBJC_ARC = YES;
				CLANG_ENABLE_OBJC_WEAK = YES;
				CLANG_WARN_BLOCK_CAPTURE_AUTORELEASING = YES;
				CLANG_WARN_BOOL_CONVERSION = YES;
				CLANG_WARN_COMMA = YES;
				CLANG_WARN_CONSTANT_CONVERSION = YES;
				CLANG_WARN_DEPRECATED_OBJC_IMPLEMENTATIONS = YES;
				CLANG_WARN_DIRECT_OBJC_ISA_USAGE = YES_ERROR;
				CLANG_WARN_DOCUMENTATION_COMMENTS = YES;
				CLANG_WARN_EMPTY_BODY = YES;
				CLANG_WARN_ENUM_CONVERSION = YES;
				CLANG_WARN_INFINITE_RECURSION = YES;
				CLANG_WARN_INT_CONVERSION = YES;
				CLANG_WARN_NON_LITERAL_NULL_CONVERSION = YES;
				CLANG_WARN_OBJC_IMPLICIT_RETAIN_SELF = YES;
				CLANG_WARN_OBJC_LITERAL_CONVERSION = YES;
				CLANG_WARN_OBJC_ROOT_CLASS = YES_ERROR;
				CLANG_WARN_QUOTED_INCLUDE_IN_FRAMEWORK_HEADER = YES;
				CLANG_WARN_RANGE_LOOP_ANALYSIS = YES;
				CLANG_WARN_STRICT_PROTOTYPES = YES;
				CLANG_WARN_SUSPICIOUS_MOVE = YES;
				CLANG_WARN_UNGUARDED_AVAILABILITY = YES_AGGRESSIVE;
				CLANG_WARN_UNREACHABLE_CODE = YES;
				CLANG_WARN__DUPLICATE_METHOD_MATCH = YES;
				COPY_PHASE_STRIP = NO;
				DEBUG_INFORMATION_FORMAT = dwarf;
				DEVELOPMENT_TEAM = Q9GMKCF5AD;
				ENABLE_STRICT_OBJC_MSGSEND = YES;
				ENABLE_TESTABILITY = YES;
				ENABLE_USER_SCRIPT_SANDBOXING = YES;
				GCC_C_LANGUAGE_STANDARD = gnu17;
				GCC_DYNAMIC_NO_PIC = NO;
				GCC_NO_COMMON_BLOCKS = YES;
				GCC_OPTIMIZATION_LEVEL = 0;
				GCC_PREPROCESSOR_DEFINITIONS = (
					"DEBUG=1",
					"$(inherited)",
				);
				GCC_WARN_64_TO_32_BIT_CONVERSION = YES;
				GCC_WARN_ABOUT_RETURN_TYPE = YES_ERROR;
				GCC_WARN_UNDECLARED_SELECTOR = YES;
				GCC_WARN_UNINITIALIZED_AUTOS = YES_AGGRESSIVE;
				GCC_WARN_UNUSED_FUNCTION = YES;
				GCC_WARN_UNUSED_VARIABLE = YES;
				IPHONEOS_DEPLOYMENT_TARGET = 26.0;
				LOCALIZATION_PREFERS_STRING_CATALOGS = YES;
				MTL_ENABLE_DEBUG_INFO = INCLUDE_SOURCE;
				MTL_FAST_MATH = YES;
				ONLY_ACTIVE_ARCH = YES;
				SDKROOT = iphoneos;
				SWIFT_ACTIVE_COMPILATION_CONDITIONS = "DEBUG $(inherited)";
				SWIFT_OPTIMIZATION_LEVEL = "-Onone";
			};
			name = Debug;
		};
		867C4FE32E8E5F160008AD1A /* Release */ = {
			isa = XCBuildConfiguration;
			buildSettings = {
				ALWAYS_SEARCH_USER_PATHS = NO;
				ASSETCATALOG_COMPILER_GENERATE_SWIFT_ASSET_SYMBOL_EXTENSIONS = YES;
				CLANG_ANALYZER_NONNULL = YES;
				CLANG_ANALYZER_NUMBER_OBJECT_CONVERSION = YES_AGGRESSIVE;
				CLANG_CXX_LANGUAGE_STANDARD = "gnu++20";
				CLANG_ENABLE_MODULES = YES;
				CLANG_ENABLE_OBJC_ARC = YES;
				CLANG_ENABLE_OBJC_WEAK = YES;
				CLANG_WARN_BLOCK_CAPTURE_AUTORELEASING = YES;
				CLANG_WARN_BOOL_CONVERSION = YES;
				CLANG_WARN_COMMA = YES;
				CLANG_WARN_CONSTANT_CONVERSION = YES;
				CLANG_WARN_DEPRECATED_OBJC_IMPLEMENTATIONS = YES;
				CLANG_WARN_DIRECT_OBJC_ISA_USAGE = YES_ERROR;
				CLANG_WARN_DOCUMENTATION_COMMENTS = YES;
				CLANG_WARN_EMPTY_BODY = YES;
				CLANG_WARN_ENUM_CONVERSION = YES;
				CLANG_WARN_INFINITE_RECURSION = YES;
				CLANG_WARN_INT_CONVERSION = YES;
				CLANG_WARN_NON_LITERAL_NULL_CONVERSION = YES;
				CLANG_WARN_OBJC_IMPLICIT_RETAIN_SELF = YES;
				CLANG_WARN_OBJC_LITERAL_CONVERSION = YES;
				CLANG_WARN_OBJC_ROOT_CLASS = YES_ERROR;
				CLANG_WARN_QUOTED_INCLUDE_IN_FRAMEWORK_HEADER = YES;
				CLANG_WARN_RANGE_LOOP_ANALYSIS = YES;
				CLANG_WARN_STRICT_PROTOTYPES = YES;
				CLANG_WARN_SUSPICIOUS_MOVE = YES;
				CLANG_WARN_UNGUARDED_AVAILABILITY = YES_AGGRESSIVE;
				CLANG_WARN_UNREACHABLE_CODE = YES;
				CLANG_WARN__DUPLICATE_METHOD_MATCH = YES;
				COPY_PHASE_STRIP = NO;
				DEBUG_INFORMATION_FORMAT = "dwarf-with-dsym";
				DEVELOPMENT_TEAM = Q9GMKCF5AD;
				ENABLE_NS_ASSERTIONS = NO;
				ENABLE_STRICT_OBJC_MSGSEND = YES;
				ENABLE_USER_SCRIPT_SANDBOXING = YES;
				GCC_C_LANGUAGE_STANDARD = gnu17;
				GCC_NO_COMMON_BLOCKS = YES;
				GCC_WARN_64_TO_32_BIT_CONVERSION = YES;
				GCC_WARN_ABOUT_RETURN_TYPE = YES_ERROR;
				GCC_WARN_UNDECLARED_SELECTOR = YES;
				GCC_WARN_UNINITIALIZED_AUTOS = YES_AGGRESSIVE;
				GCC_WARN_UNUSED_FUNCTION = YES;
				GCC_WARN_UNUSED_VARIABLE = YES;
				IPHONEOS_DEPLOYMENT_TARGET = 26.0;
				LOCALIZATION_PREFERS_STRING_CATALOGS = YES;
				MTL_ENABLE_DEBUG_INFO = NO;
				MTL_FAST_MATH = YES;
				SDKROOT = iphoneos;
				SWIFT_COMPILATION_MODE = wholemodule;
				VALIDATE_PRODUCT = YES;
			};
			name = Release;
		};
		867C4FE52E8E5F160008AD1A /* Debug */ = {
			isa = XCBuildConfiguration;
			buildSettings = {
				ASSETCATALOG_COMPILER_APPICON_NAME = AppIcon;
				ASSETCATALOG_COMPILER_GLOBAL_ACCENT_COLOR_NAME = AccentColor;
				CODE_SIGN_STYLE = Automatic;
				CURRENT_PROJECT_VERSION = 1;
				DEVELOPMENT_TEAM = Q9GMKCF5AD;
				ENABLE_PREVIEWS = YES;
				GENERATE_INFOPLIST_FILE = YES;
				INFOPLIST_KEY_UIApplicationSceneManifest_Generation = YES;
				INFOPLIST_KEY_UIApplicationSupportsIndirectInputEvents = YES;
				INFOPLIST_KEY_UILaunchScreen_Generation = YES;
				INFOPLIST_KEY_UISupportedInterfaceOrientations_iPad = "UIInterfaceOrientationPortrait UIInterfaceOrientationPortraitUpsideDown UIInterfaceOrientationLandscapeLeft UIInterfaceOrientationLandscapeRight";
				INFOPLIST_KEY_UISupportedInterfaceOrientations_iPhone = "UIInterfaceOrientationPortrait UIInterfaceOrientationLandscapeLeft UIInterfaceOrientationLandscapeRight";
				LD_RUNPATH_SEARCH_PATHS = (
					"$(inherited)",
					"@executable_path/Frameworks",
				);
				MARKETING_VERSION = 1.0;
				PRODUCT_BUNDLE_IDENTIFIER = com.michalkoks.MoneyTransfer;
				PRODUCT_NAME = "$(TARGET_NAME)";
				STRING_CATALOG_GENERATE_SYMBOLS = YES;
				SWIFT_APPROACHABLE_CONCURRENCY = YES;
				SWIFT_DEFAULT_ACTOR_ISOLATION = MainActor;
				SWIFT_EMIT_LOC_STRINGS = YES;
				SWIFT_UPCOMING_FEATURE_MEMBER_IMPORT_VISIBILITY = YES;
				SWIFT_VERSION = 5.0;
				TARGETED_DEVICE_FAMILY = "1,2";
			};
			name = Debug;
		};
		867C4FE62E8E5F160008AD1A /* Release */ = {
			isa = XCBuildConfiguration;
			buildSettings = {
				ASSETCATALOG_COMPILER_APPICON_NAME = AppIcon;
				ASSETCATALOG_COMPILER_GLOBAL_ACCENT_COLOR_NAME = AccentColor;
				CODE_SIGN_STYLE = Automatic;
				CURRENT_PROJECT_VERSION = 1;
				DEVELOPMENT_TEAM = Q9GMKCF5AD;
				ENABLE_PREVIEWS = YES;
				GENERATE_INFOPLIST_FILE = YES;
				INFOPLIST_KEY_UIApplicationSceneManifest_Generation = YES;
				INFOPLIST_KEY_UIApplicationSupportsIndirectInputEvents = YES;
				INFOPLIST_KEY_UILaunchScreen_Generation = YES;
				INFOPLIST_KEY_UISupportedInterfaceOrientations_iPad = "UIInterfaceOrientationPortrait UIInterfaceOrientationPortraitUpsideDown UIInterfaceOrientationLandscapeLeft UIInterfaceOrientationLandscapeRight";
				INFOPLIST_KEY_UISupportedInterfaceOrientations_iPhone = "UIInterfaceOrientationPortrait UIInterfaceOrientationLandscapeLeft UIInterfaceOrientationLandscapeRight";
				LD_RUNPATH_SEARCH_PATHS = (
					"$(inherited)",
					"@executable_path/Frameworks",
				);
				MARKETING_VERSION = 1.0;
				PRODUCT_BUNDLE_IDENTIFIER = com.michalkoks.MoneyTransfer;
				PRODUCT_NAME = "$(TARGET_NAME)";
				STRING_CATALOG_GENERATE_SYMBOLS = YES;
				SWIFT_APPROACHABLE_CONCURRENCY = YES;
				SWIFT_DEFAULT_ACTOR_ISOLATION = MainActor;
				SWIFT_EMIT_LOC_STRINGS = YES;
				SWIFT_UPCOMING_FEATURE_MEMBER_IMPORT_VISIBILITY = YES;
				SWIFT_VERSION = 5.0;
				TARGETED_DEVICE_FAMILY = "1,2";
			};
			name = Release;
		};
		867C4FE82E8E5F160008AD1A /* Debug */ = {
			isa = XCBuildConfiguration;
			buildSettings = {
				BUNDLE_LOADER = "$(TEST_HOST)";
				CODE_SIGN_STYLE = Automatic;
				CURRENT_PROJECT_VERSION = 1;
				DEVELOPMENT_TEAM = Q9GMKCF5AD;
				GENERATE_INFOPLIST_FILE = YES;
				IPHONEOS_DEPLOYMENT_TARGET = 26.0;
				MARKETING_VERSION = 1.0;
				PRODUCT_BUNDLE_IDENTIFIER = com.michalkoks.MoneyTransferTests;
				PRODUCT_NAME = "$(TARGET_NAME)";
				STRING_CATALOG_GENERATE_SYMBOLS = NO;
				SWIFT_APPROACHABLE_CONCURRENCY = YES;
				SWIFT_EMIT_LOC_STRINGS = NO;
				SWIFT_UPCOMING_FEATURE_MEMBER_IMPORT_VISIBILITY = YES;
				SWIFT_VERSION = 5.0;
				TARGETED_DEVICE_FAMILY = "1,2";
				TEST_HOST = "$(BUILT_PRODUCTS_DIR)/MoneyTransfer.app/$(BUNDLE_EXECUTABLE_FOLDER_PATH)/MoneyTransfer";
			};
			name = Debug;
		};
		867C4FE92E8E5F160008AD1A /* Release */ = {
			isa = XCBuildConfiguration;
			buildSettings = {
				BUNDLE_LOADER = "$(TEST_HOST)";
				CODE_SIGN_STYLE = Automatic;
				CURRENT_PROJECT_VERSION = 1;
				DEVELOPMENT_TEAM = Q9GMKCF5AD;
				GENERATE_INFOPLIST_FILE = YES;
				IPHONEOS_DEPLOYMENT_TARGET = 26.0;
				MARKETING_VERSION = 1.0;
				PRODUCT_BUNDLE_IDENTIFIER = com.michalkoks.MoneyTransferTests;
				PRODUCT_NAME = "$(TARGET_NAME)";
				STRING_CATALOG_GENERATE_SYMBOLS = NO;
				SWIFT_APPROACHABLE_CONCURRENCY = YES;
				SWIFT_EMIT_LOC_STRINGS = NO;
				SWIFT_UPCOMING_FEATURE_MEMBER_IMPORT_VISIBILITY = YES;
				SWIFT_VERSION = 5.0;
				TARGETED_DEVICE_FAMILY = "1,2";
				TEST_HOST = "$(BUILT_PRODUCTS_DIR)/MoneyTransfer.app/$(BUNDLE_EXECUTABLE_FOLDER_PATH)/MoneyTransfer";
			};
			name = Release;
		};
		867C4FEB2E8E5F160008AD1A /* Debug */ = {
			isa = XCBuildConfiguration;
			buildSettings = {
				CODE_SIGN_STYLE = Automatic;
				CURRENT_PROJECT_VERSION = 1;
				DEVELOPMENT_TEAM = Q9GMKCF5AD;
				GENERATE_INFOPLIST_FILE = YES;
				MARKETING_VERSION = 1.0;
				PRODUCT_BUNDLE_IDENTIFIER = com.michalkoks.MoneyTransferUITests;
				PRODUCT_NAME = "$(TARGET_NAME)";
				STRING_CATALOG_GENERATE_SYMBOLS = NO;
				SWIFT_APPROACHABLE_CONCURRENCY = YES;
				SWIFT_EMIT_LOC_STRINGS = NO;
				SWIFT_UPCOMING_FEATURE_MEMBER_IMPORT_VISIBILITY = YES;
				SWIFT_VERSION = 5.0;
				TARGETED_DEVICE_FAMILY = "1,2";
				TEST_TARGET_NAME = MoneyTransfer;
			};
			name = Debug;
		};
		867C4FEC2E8E5F160008AD1A /* Release */ = {
			isa = XCBuildConfiguration;
			buildSettings = {
				CODE_SIGN_STYLE = Automatic;
				CURRENT_PROJECT_VERSION = 1;
				DEVELOPMENT_TEAM = Q9GMKCF5AD;
				GENERATE_INFOPLIST_FILE = YES;
				MARKETING_VERSION = 1.0;
				PRODUCT_BUNDLE_IDENTIFIER = com.michalkoks.MoneyTransferUITests;
				PRODUCT_NAME = "$(TARGET_NAME)";
				STRING_CATALOG_GENERATE_SYMBOLS = NO;
				SWIFT_APPROACHABLE_CONCURRENCY = YES;
				SWIFT_EMIT_LOC_STRINGS = NO;
				SWIFT_UPCOMING_FEATURE_MEMBER_IMPORT_VISIBILITY = YES;
				SWIFT_VERSION = 5.0;
				TARGETED_DEVICE_FAMILY = "1,2";
				TEST_TARGET_NAME = MoneyTransfer;
			};
			name = Release;
		};
/* End XCBuildConfiguration section */

/* Begin XCConfigurationList section */
		867C4FBE2E8E5F140008AD1A /* Build configuration list for PBXProject "MoneyTransfer" */ = {
			isa = XCConfigurationList;
			buildConfigurations = (
				867C4FE22E8E5F160008AD1A /* Debug */,
				867C4FE32E8E5F160008AD1A /* Release */,
			);
			defaultConfigurationIsVisible = 0;
			defaultConfigurationName = Release;
		};
		867C4FE42E8E5F160008AD1A /* Build configuration list for PBXNativeTarget "MoneyTransfer" */ = {
			isa = XCConfigurationList;
			buildConfigurations = (
				867C4FE52E8E5F160008AD1A /* Debug */,
				867C4FE62E8E5F160008AD1A /* Release */,
			);
			defaultConfigurationIsVisible = 0;
			defaultConfigurationName = Release;
		};
		867C4FE72E8E5F160008AD1A /* Build configuration list for PBXNativeTarget "MoneyTransferTests" */ = {
			isa = XCConfigurationList;
			buildConfigurations = (
				867C4FE82E8E5F160008AD1A /* Debug */,
				867C4FE92E8E5F160008AD1A /* Release */,
			);
			defaultConfigurationIsVisible = 0;
			defaultConfigurationName = Release;
		};
		867C4FEA2E8E5F160008AD1A /* Build configuration list for PBXNativeTarget "MoneyTransferUITests" */ = {
			isa = XCConfigurationList;
			buildConfigurations = (
				867C4FEB2E8E5F160008AD1A /* Debug */,
				867C4FEC2E8E5F160008AD1A /* Release */,
			);
			defaultConfigurationIsVisible = 0;
			defaultConfigurationName = Release;
		};
/* End XCConfigurationList section */

/* Begin XCRemoteSwiftPackageReference section */
		865DC9242E8FB9F500B3C857 /* XCRemoteSwiftPackageReference "IOSSecuritySuite" */ = {
			isa = XCRemoteSwiftPackageReference;
			repositoryURL = "https://github.com/securing/IOSSecuritySuite.git";
			requirement = {
				kind = upToNextMajorVersion;
				minimumVersion = 2.2.0;
			};
		};
/* End XCRemoteSwiftPackageReference section */

/* Begin XCSwiftPackageProductDependency section */
		865DC9252E8FB9F500B3C857 /* IOSSecuritySuite */ = {
			isa = XCSwiftPackageProductDependency;
			package = 865DC9242E8FB9F500B3C857 /* XCRemoteSwiftPackageReference "IOSSecuritySuite" */;
			productName = IOSSecuritySuite;
		};
/* End XCSwiftPackageProductDependency section */
	};
	rootObject = 867C4FBB2E8E5F140008AD1A /* Project object */;
}
